// !$*UTF8*$!
{
	archiveVersion = 1;
	classes = {
	};
	objectVersion = 46;
	objects = {

/* Begin PBXBuildFile section */
		FA6B91BC1B7775BC00390320 /* AppDelegate.swift in Sources */ = {isa = PBXBuildFile; fileRef = FA6B91BB1B7775BC00390320 /* AppDelegate.swift */; };
		FA6B91BE1B7775BC00390320 /* ViewController.swift in Sources */ = {isa = PBXBuildFile; fileRef = FA6B91BD1B7775BC00390320 /* ViewController.swift */; };
		FA6B91C11B7775BC00390320 /* Main.storyboard in Resources */ = {isa = PBXBuildFile; fileRef = FA6B91BF1B7775BC00390320 /* Main.storyboard */; };
		FA6B91C31B7775BC00390320 /* Images.xcassets in Resources */ = {isa = PBXBuildFile; fileRef = FA6B91C21B7775BC00390320 /* Images.xcassets */; };
		FA6B91C61B7775BC00390320 /* LaunchScreen.xib in Resources */ = {isa = PBXBuildFile; fileRef = FA6B91C41B7775BC00390320 /* LaunchScreen.xib */; };
		FA6B92571B77E54000390320 /* SwiftNotificationBannerView.swift in Sources */ = {isa = PBXBuildFile; fileRef = FA6B92541B77E54000390320 /* SwiftNotificationBannerView.swift */; };
		FA6B92581B77E54000390320 /* SwiftNotificationBannerView.xib in Resources */ = {isa = PBXBuildFile; fileRef = FA6B92551B77E54000390320 /* SwiftNotificationBannerView.xib */; };
		FA6B92591B77E54000390320 /* SwitNotificationBanner.swift in Sources */ = {isa = PBXBuildFile; fileRef = FA6B92561B77E54000390320 /* SwitNotificationBanner.swift */; };
/* End PBXBuildFile section */

/* Begin PBXFileReference section */
		FA6B91B61B7775BC00390320 /* SwiftNotificationBannerDemo.app */ = {isa = PBXFileReference; explicitFileType = wrapper.application; includeInIndex = 0; path = SwiftNotificationBannerDemo.app; sourceTree = BUILT_PRODUCTS_DIR; };
		FA6B91BA1B7775BC00390320 /* Info.plist */ = {isa = PBXFileReference; lastKnownFileType = text.plist.xml; path = Info.plist; sourceTree = "<group>"; };
		FA6B91BB1B7775BC00390320 /* AppDelegate.swift */ = {isa = PBXFileReference; lastKnownFileType = sourcecode.swift; path = AppDelegate.swift; sourceTree = "<group>"; };
		FA6B91BD1B7775BC00390320 /* ViewController.swift */ = {isa = PBXFileReference; lastKnownFileType = sourcecode.swift; path = ViewController.swift; sourceTree = "<group>"; };
		FA6B91C01B7775BC00390320 /* Base */ = {isa = PBXFileReference; lastKnownFileType = file.storyboard; name = Base; path = Base.lproj/Main.storyboard; sourceTree = "<group>"; };
		FA6B91C21B7775BC00390320 /* Images.xcassets */ = {isa = PBXFileReference; lastKnownFileType = folder.assetcatalog; path = Images.xcassets; sourceTree = "<group>"; };
		FA6B91C51B7775BC00390320 /* Base */ = {isa = PBXFileReference; lastKnownFileType = file.xib; name = Base; path = Base.lproj/LaunchScreen.xib; sourceTree = "<group>"; };
		FA6B92541B77E54000390320 /* SwiftNotificationBannerView.swift */ = {isa = PBXFileReference; fileEncoding = 4; lastKnownFileType = sourcecode.swift; name = SwiftNotificationBannerView.swift; path = SwiftNotificationBanner/SwiftNotificationBannerView.swift; sourceTree = SOURCE_ROOT; };
		FA6B92551B77E54000390320 /* SwiftNotificationBannerView.xib */ = {isa = PBXFileReference; fileEncoding = 4; lastKnownFileType = file.xib; name = SwiftNotificationBannerView.xib; path = SwiftNotificationBanner/SwiftNotificationBannerView.xib; sourceTree = SOURCE_ROOT; };
		FA6B92561B77E54000390320 /* SwitNotificationBanner.swift */ = {isa = PBXFileReference; fileEncoding = 4; lastKnownFileType = sourcecode.swift; name = SwitNotificationBanner.swift; path = SwiftNotificationBanner/SwitNotificationBanner.swift; sourceTree = SOURCE_ROOT; };
/* End PBXFileReference section */

/* Begin PBXFrameworksBuildPhase section */
		FA6B91B31B7775BC00390320 /* Frameworks */ = {
			isa = PBXFrameworksBuildPhase;
			buildActionMask = 2147483647;
			files = (
			);
			runOnlyForDeploymentPostprocessing = 0;
		};
/* End PBXFrameworksBuildPhase section */

/* Begin PBXGroup section */
		FA6B91AD1B7775BC00390320 = {
			isa = PBXGroup;
			children = (
				FA6B91B81B7775BC00390320 /* SwiftNotificationBannerDemo */,
				FA6B91B71B7775BC00390320 /* Products */,
			);
			sourceTree = "<group>";
		};
		FA6B91B71B7775BC00390320 /* Products */ = {
			isa = PBXGroup;
			children = (
				FA6B91B61B7775BC00390320 /* SwiftNotificationBannerDemo.app */,
			);
			name = Products;
			sourceTree = "<group>";
		};
		FA6B91B81B7775BC00390320 /* SwiftNotificationBannerDemo */ = {
			isa = PBXGroup;
			children = (
				FA6B91E41B77912100390320 /* SwiftNotificationBanner */,
				FA6B91BB1B7775BC00390320 /* AppDelegate.swift */,
				FA6B91BD1B7775BC00390320 /* ViewController.swift */,
				FA6B91BF1B7775BC00390320 /* Main.storyboard */,
				FA6B91C21B7775BC00390320 /* Images.xcassets */,
				FA6B91C41B7775BC00390320 /* LaunchScreen.xib */,
				FA6B91B91B7775BC00390320 /* Supporting Files */,
			);
			path = SwiftNotificationBannerDemo;
			sourceTree = "<group>";
		};
		FA6B91B91B7775BC00390320 /* Supporting Files */ = {
			isa = PBXGroup;
			children = (
				FA6B91BA1B7775BC00390320 /* Info.plist */,
			);
			name = "Supporting Files";
			sourceTree = "<group>";
		};
		FA6B91E41B77912100390320 /* SwiftNotificationBanner */ = {
			isa = PBXGroup;
			children = (
				FA6B92541B77E54000390320 /* SwiftNotificationBannerView.swift */,
				FA6B92561B77E54000390320 /* SwitNotificationBanner.swift */,
				FA6B92551B77E54000390320 /* SwiftNotificationBannerView.xib */,
			);
			path = SwiftNotificationBanner;
			sourceTree = "<group>";
		};
/* End PBXGroup section */

/* Begin PBXNativeTarget section */
		FA6B91B51B7775BC00390320 /* SwiftNotificationBannerDemo */ = {
			isa = PBXNativeTarget;
			buildConfigurationList = FA6B91D51B7775BC00390320 /* Build configuration list for PBXNativeTarget "SwiftNotificationBannerDemo" */;
			buildPhases = (
				FA6B91B21B7775BC00390320 /* Sources */,
				FA6B91B31B7775BC00390320 /* Frameworks */,
				FA6B91B41B7775BC00390320 /* Resources */,
			);
			buildRules = (
			);
			dependencies = (
			);
			name = SwiftNotificationBannerDemo;
			productName = SwiftNotificationBannerDemo;
			productReference = FA6B91B61B7775BC00390320 /* SwiftNotificationBannerDemo.app */;
			productType = "com.apple.product-type.application";
		};
/* End PBXNativeTarget section */

/* Begin PBXProject section */
		FA6B91AE1B7775BC00390320 /* Project object */ = {
			isa = PBXProject;
			attributes = {
				LastUpgradeCheck = 0640;
				ORGANIZATIONNAME = "Zel Marko";
				TargetAttributes = {
					FA6B91B51B7775BC00390320 = {
						CreatedOnToolsVersion = 6.4;
					};
				};
			};
			buildConfigurationList = FA6B91B11B7775BC00390320 /* Build configuration list for PBXProject "SwiftNotificationBannerDemo" */;
			compatibilityVersion = "Xcode 3.2";
			developmentRegion = English;
			hasScannedForEncodings = 0;
			knownRegions = (
				en,
				Base,
			);
			mainGroup = FA6B91AD1B7775BC00390320;
			productRefGroup = FA6B91B71B7775BC00390320 /* Products */;
			projectDirPath = "";
			projectRoot = "";
			targets = (
				FA6B91B51B7775BC00390320 /* SwiftNotificationBannerDemo */,
			);
		};
/* End PBXProject section */

/* Begin PBXResourcesBuildPhase section */
		FA6B91B41B7775BC00390320 /* Resources */ = {
			isa = PBXResourcesBuildPhase;
			buildActionMask = 2147483647;
			files = (
				FA6B91C11B7775BC00390320 /* Main.storyboard in Resources */,
				FA6B92581B77E54000390320 /* SwiftNotificationBannerView.xib in Resources */,
				FA6B91C61B7775BC00390320 /* LaunchScreen.xib in Resources */,
				FA6B91C31B7775BC00390320 /* Images.xcassets in Resources */,
			);
			runOnlyForDeploymentPostprocessing = 0;
		};
/* End PBXResourcesBuildPhase section */

/* Begin PBXSourcesBuildPhase section */
		FA6B91B21B7775BC00390320 /* Sources */ = {
			isa = PBXSourcesBuildPhase;
			buildActionMask = 2147483647;
			files = (
				FA6B91BE1B7775BC00390320 /* ViewController.swift in Sources */,
				FA6B92571B77E54000390320 /* SwiftNotificationBannerView.swift in Sources */,
				FA6B91BC1B7775BC00390320 /* AppDelegate.swift in Sources */,
				FA6B92591B77E54000390320 /* SwitNotificationBanner.swift in Sources */,
			);
			runOnlyForDeploymentPostprocessing = 0;
		};
/* End PBXSourcesBuildPhase section */

/* Begin PBXVariantGroup section */
		FA6B91BF1B7775BC00390320 /* Main.storyboard */ = {
			isa = PBXVariantGroup;
			children = (
				FA6B91C01B7775BC00390320 /* Base */,
			);
			name = Main.storyboard;
			sourceTree = "<group>";
		};
		FA6B91C41B7775BC00390320 /* LaunchScreen.xib */ = {
			isa = PBXVariantGroup;
			children = (
				FA6B91C51B7775BC00390320 /* Base */,
			);
			name = LaunchScreen.xib;
			sourceTree = "<group>";
		};
/* End PBXVariantGroup section */

/* Begin XCBuildConfiguration section */
		FA6B91D31B7775BC00390320 /* Debug */ = {
			isa = XCBuildConfiguration;
			buildSettings = {
				ALWAYS_SEARCH_USER_PATHS = NO;
				CLANG_CXX_LANGUAGE_STANDARD = "gnu++0x";
				CLANG_CXX_LIBRARY = "libc++";
				CLANG_ENABLE_MODULES = YES;
				CLANG_ENABLE_OBJC_ARC = YES;
				CLANG_WARN_BOOL_CONVERSION = YES;
				CLANG_WARN_CONSTANT_CONVERSION = YES;
				CLANG_WARN_DIRECT_OBJC_ISA_USAGE = YES_ERROR;
				CLANG_WARN_EMPTY_BODY = YES;
				CLANG_WARN_ENUM_CONVERSION = YES;
				CLANG_WARN_INT_CONVERSION = YES;
				CLANG_WARN_OBJC_ROOT_CLASS = YES_ERROR;
				CLANG_WARN_UNREACHABLE_CODE = YES;
				CLANG_WARN__DUPLICATE_METHOD_MATCH = YES;
				"CODE_SIGN_IDENTITY[sdk=iphoneos*]" = "iPhone Developer";
				COPY_PHASE_STRIP = NO;
				DEBUG_INFORMATION_FORMAT = "dwarf-with-dsym";
				ENABLE_STRICT_OBJC_MSGSEND = YES;
				GCC_C_LANGUAGE_STANDARD = gnu99;
				GCC_DYNAMIC_NO_PIC = NO;
				GCC_NO_COMMON_BLOCKS = YES;
				GCC_OPTIMIZATION_LEVEL = 0;
				GCC_PREPROCESSOR_DEFINITIONS = (
					"DEBUG=1",
					"$(inherited)",
				);
				GCC_SYMBOLS_PRIVATE_EXTERN = NO;
				GCC_WARN_64_TO_32_BIT_CONVERSION = YES;
				GCC_WARN_ABOUT_RETURN_TYPE = YES_ERROR;
				GCC_WARN_UNDECLARED_SELECTOR = YES;
				GCC_WARN_UNINITIALIZED_AUTOS = YES_AGGRESSIVE;
				GCC_WARN_UNUSED_FUNCTION = YES;
				GCC_WARN_UNUSED_VARIABLE = YES;
				IPHONEOS_DEPLOYMENT_TARGET = 8.4;
				MTL_ENABLE_DEBUG_INFO = YES;
				ONLY_ACTIVE_ARCH = YES;
				SDKROOT = iphoneos;
				SWIFT_OPTIMIZATION_LEVEL = "-Onone";
			};
			name = Debug;
		};
		FA6B91D41B7775BC00390320 /* Release */ = {
			isa = XCBuildConfiguration;
			buildSettings = {
				ALWAYS_SEARCH_USER_PATHS = NO;
				CLANG_CXX_LANGUAGE_STANDARD = "gnu++0x";
				CLANG_CXX_LIBRARY = "libc++";
				CLANG_ENABLE_MODULES = YES;
				CLANG_ENABLE_OBJC_ARC = YES;
				CLANG_WARN_BOOL_CONVERSION = YES;
				CLANG_WARN_CONSTANT_CONVERSION = YES;
				CLANG_WARN_DIRECT_OBJC_ISA_USAGE = YES_ERROR;
				CLANG_WARN_EMPTY_BODY = YES;
				CLANG_WARN_ENUM_CONVERSION = YES;
				CLANG_WARN_INT_CONVERSION = YES;
				CLANG_WARN_OBJC_ROOT_CLASS = YES_ERROR;
				CLANG_WARN_UNREACHABLE_CODE = YES;
				CLANG_WARN__DUPLICATE_METHOD_MATCH = YES;
				"CODE_SIGN_IDENTITY[sdk=iphoneos*]" = "iPhone Developer";
				COPY_PHASE_STRIP = NO;
				DEBUG_INFORMATION_FORMAT = "dwarf-with-dsym";
				ENABLE_NS_ASSERTIONS = NO;
				ENABLE_STRICT_OBJC_MSGSEND = YES;
				GCC_C_LANGUAGE_STANDARD = gnu99;
				GCC_NO_COMMON_BLOCKS = YES;
				GCC_WARN_64_TO_32_BIT_CONVERSION = YES;
				GCC_WARN_ABOUT_RETURN_TYPE = YES_ERROR;
				GCC_WARN_UNDECLARED_SELECTOR = YES;
				GCC_WARN_UNINITIALIZED_AUTOS = YES_AGGRESSIVE;
				GCC_WARN_UNUSED_FUNCTION = YES;
				GCC_WARN_UNUSED_VARIABLE = YES;
				IPHONEOS_DEPLOYMENT_TARGET = 8.4;
				MTL_ENABLE_DEBUG_INFO = NO;
				SDKROOT = iphoneos;
				VALIDATE_PRODUCT = YES;
			};
			name = Release;
		};
		FA6B91D61B7775BC00390320 /* Debug */ = {
			isa = XCBuildConfiguration;
			buildSettings = {
				ASSETCATALOG_COMPILER_APPICON_NAME = AppIcon;
				INFOPLIST_FILE = SwiftNotificationBannerDemo/Info.plist;
				LD_RUNPATH_SEARCH_PATHS = "$(inherited) @executable_path/Frameworks";
				PRODUCT_NAME = "$(TARGET_NAME)";
			};
			name = Debug;
		};
		FA6B91D71B7775BC00390320 /* Release */ = {
			isa = XCBuildConfiguration;
			buildSettings = {
				ASSETCATALOG_COMPILER_APPICON_NAME = AppIcon;
				INFOPLIST_FILE = SwiftNotificationBannerDemo/Info.plist;
				LD_RUNPATH_SEARCH_PATHS = "$(inherited) @executable_path/Frameworks";
				PRODUCT_NAME = "$(TARGET_NAME)";
			};
			name = Release;
		};
/* End XCBuildConfiguration section */

/* Begin XCConfigurationList section */
		FA6B91B11B7775BC00390320 /* Build configuration list for PBXProject "SwiftNotificationBannerDemo" */ = {
			isa = XCConfigurationList;
			buildConfigurations = (
				FA6B91D31B7775BC00390320 /* Debug */,
				FA6B91D41B7775BC00390320 /* Release */,
			);
			defaultConfigurationIsVisible = 0;
			defaultConfigurationName = Release;
		};
		FA6B91D51B7775BC00390320 /* Build configuration list for PBXNativeTarget "SwiftNotificationBannerDemo" */ = {
			isa = XCConfigurationList;
			buildConfigurations = (
				FA6B91D61B7775BC00390320 /* Debug */,
				FA6B91D71B7775BC00390320 /* Release */,
			);
			defaultConfigurationIsVisible = 0;
			defaultConfigurationName = Release;
		};
/* End XCConfigurationList section */
	};
	rootObject = FA6B91AE1B7775BC00390320 /* Project object */;
}
